
Microsoft Visual Studio Solution File, Format Version 12.00
# Visual Studio Version 16
VisualStudioVersion = 16.0.28803.202
MinimumVisualStudioVersion = 10.0.40219.1
Project("{FAE04EC0-301F-11D3-BF4B-00C04F79EFBC}") = "subd-couse-work", "subd-couse-work\subd-couse-work.csproj", "{7C6A42DE-FD90-4A93-A628-4E253D161E04}"
EndProject
Global
	GlobalSection(SolutionConfigurationPlatforms) = preSolution
		Debug|Any CPU = Debug|Any CPU
		Release|Any CPU = Release|Any CPU
	EndGlobalSection
	GlobalSection(ProjectConfigurationPlatforms) = postSolution
		{7C6A42DE-FD90-4A93-A628-4E253D161E04}.Debug|Any CPU.ActiveCfg = Debug|Any CPU
		{7C6A42DE-FD90-4A93-A628-4E253D161E04}.Debug|Any CPU.Build.0 = Debug|Any CPU
		{7C6A42DE-FD90-4A93-A628-4E253D161E04}.Release|Any CPU.ActiveCfg = Release|Any CPU
		{7C6A42DE-FD90-4A93-A628-4E253D161E04}.Release|Any CPU.Build.0 = Release|Any CPU
	EndGlobalSection
	GlobalSection(SolutionProperties) = preSolution
		HideSolutionNode = FALSE
	EndGlobalSection
	GlobalSection(ExtensibilityGlobals) = postSolution
		SolutionGuid = {B2D9D200-D479-420E-B7D9-B56C0D58598D}
	EndGlobalSection
EndGlobal
